{
  "version": "4",
  "specifiers": {
    "jsr:@deno/cache-dir@*": "0.14.0",
    "jsr:@deno/cache-dir@0.13.2": "0.13.2",
    "jsr:@deno/emit@*": "0.46.0",
    "jsr:@deno/graph@0.86": "0.86.3",
    "jsr:@deno/graph@~0.73.1": "0.73.1",
    "jsr:@std/assert@*": "0.223.0",
    "jsr:@std/assert@0.223": "0.223.0",
    "jsr:@std/async@*": "1.0.9",
    "jsr:@std/bytes@0.223": "0.223.0",
    "jsr:@std/bytes@^1.0.2": "1.0.4",
    "jsr:@std/encoding@*": "1.0.5",
    "jsr:@std/fmt@0.223": "0.223.0",
    "jsr:@std/fmt@^1.0.3": "1.0.3",
    "jsr:@std/fs@0.223": "0.223.0",
    "jsr:@std/fs@^1.0.6": "1.0.6",
    "jsr:@std/io@0.223": "0.223.0",
    "jsr:@std/io@0.225": "0.225.0",
    "jsr:@std/log@*": "0.224.11",
    "jsr:@std/path@0.223": "0.223.0",
    "jsr:@std/path@^1.0.4": "1.0.8",
    "jsr:@std/path@^1.0.8": "1.0.8",
    "jsr:@std/url@*": "0.225.1",
    "npm:ky@*": "1.7.3",
    "npm:ky@1.7.3": "1.7.3",
    "npm:playwright-core@*": "1.49.1",
    "npm:playwright@*": "1.49.1"
  },
  "jsr": {
    "@deno/cache-dir@0.13.2": {
      "integrity": "c22419dfe27ab85f345bee487aaaadba498b005cce3644e9d2528db035c5454d",
      "dependencies": [
        "jsr:@deno/graph@~0.73.1",
        "jsr:@std/fmt@0.223",
        "jsr:@std/fs@0.223",
        "jsr:@std/io@0.223",
        "jsr:@std/path@0.223"
      ]
    },
    "@deno/cache-dir@0.14.0": {
      "integrity": "729f0b68e7fc96443c09c2c544b830ca70897bdd5168598446d752f7a4c731ad",
      "dependencies": [
        "jsr:@deno/graph@0.86",
        "jsr:@std/fmt@^1.0.3",
        "jsr:@std/fs@^1.0.6",
        "jsr:@std/io@0.225",
        "jsr:@std/path@^1.0.8"
      ]
    },
    "@deno/emit@0.46.0": {
      "integrity": "e276be2c77bac1b93caf775762e2a49a54cb00da2d48ca2b01ed8d7cba9d082c",
      "dependencies": [
        "jsr:@deno/cache-dir@0.13.2",
        "jsr:@std/path@0.223"
      ]
    },
    "@deno/graph@0.73.1": {
      "integrity": "cd69639d2709d479037d5ce191a422eabe8d71bb68b0098344f6b07411c84d41"
    },
    "@deno/graph@0.86.3": {
      "integrity": "e7974e83aafb4b110c80bd0b2249491e53429b011c741939bcbd68ce74c3985d"
    },
    "@std/assert@0.223.0": {
      "integrity": "eb8d6d879d76e1cc431205bd346ed4d88dc051c6366365b1af47034b0670be24",
      "dependencies": [
        "jsr:@std/fmt@0.223"
      ]
    },
    "@std/async@1.0.9": {
      "integrity": "c6472fd0623b3f3daae023cdf7ca5535e1b721dfbf376562c0c12b3fb4867f91"
    },
    "@std/bytes@0.223.0": {
      "integrity": "84b75052cd8680942c397c2631318772b295019098f40aac5c36cead4cba51a8"
    },
    "@std/bytes@1.0.4": {
      "integrity": "11a0debe522707c95c7b7ef89b478c13fb1583a7cfb9a85674cd2cc2e3a28abc"
    },
    "@std/encoding@1.0.5": {
      "integrity": "ecf363d4fc25bd85bd915ff6733a7e79b67e0e7806334af15f4645c569fefc04"
    },
    "@std/fmt@0.223.0": {
      "integrity": "6deb37794127dfc7d7bded2586b9fc6f5d50e62a8134846608baf71ffc1a5208"
    },
    "@std/fmt@1.0.3": {
      "integrity": "97765c16aa32245ff4e2204ecf7d8562496a3cb8592340a80e7e554e0bb9149f"
    },
    "@std/fs@0.223.0": {
      "integrity": "3b4b0550b2c524cbaaa5a9170c90e96cbb7354e837ad1bdaf15fc9df1ae9c31c"
    },
    "@std/fs@1.0.6": {
      "integrity": "42b56e1e41b75583a21d5a37f6a6a27de9f510bcd36c0c85791d685ca0b85fa2"
    },
    "@std/io@0.223.0": {
      "integrity": "2d8c3c2ab3a515619b90da2c6ff5ea7b75a94383259ef4d02116b228393f84f1",
      "dependencies": [
        "jsr:@std/assert@0.223",
        "jsr:@std/bytes@0.223"
      ]
    },
    "@std/io@0.225.0": {
      "integrity": "c1db7c5e5a231629b32d64b9a53139445b2ca640d828c26bf23e1c55f8c079b3",
      "dependencies": [
        "jsr:@std/bytes@^1.0.2"
      ]
    },
    "@std/log@0.224.11": {
      "integrity": "df5e5a6d6ab8bcea016a17982cd2435f65234d6618bf631925587c0b2eae2a4e",
      "dependencies": [
        "jsr:@std/fmt@^1.0.3",
        "jsr:@std/fs@^1.0.6",
        "jsr:@std/io@0.225"
      ]
    },
    "@std/path@0.223.0": {
      "integrity": "593963402d7e6597f5a6e620931661053572c982fc014000459edc1f93cc3989",
      "dependencies": [
        "jsr:@std/assert@0.223"
      ]
    },
    "@std/path@1.0.8": {
      "integrity": "548fa456bb6a04d3c1a1e7477986b6cffbce95102d0bb447c67c4ee70e0364be"
    },
    "@std/url@0.225.1": {
      "integrity": "7961f62f0a3cd2c7aa5b785822874132760b50bbf5ed0ccfded8668f203e7a95",
      "dependencies": [
        "jsr:@std/path@^1.0.4"
      ]
    }
  },
  "npm": {
    "fsevents@2.3.2": {
      "integrity": "sha512-xiqMQR4xAeHTuB9uWm+fFRcIOgKBMiOBP+eXiyT7jsgVCq1bkVygt00oASowB7EdtpOHaaPgKt812P9ab+DDKA=="
    },
    "ky@1.7.3": {
      "integrity": "sha512-Sz49ZWR/BjNOq+2UK1k9ONZUVq8eyuCj30Zgc8VrRNtFlTBZduzuvehUd5kjQF6/Fms3Ir3EYqzJryw9tRvsSw=="
    },
    "playwright-core@1.49.1": {
      "integrity": "sha512-BzmpVcs4kE2CH15rWfzpjzVGhWERJfmnXmniSyKeRZUs9Ws65m+RGIi7mjJK/euCegfn3i7jvqWeWyHe9y3Vgg=="
    },
    "playwright@1.49.1": {
      "integrity": "sha512-VYL8zLoNTBxVOrJBbDuRgDWa3i+mfQgDTrL8Ah9QXZ7ax4Dsj0MSq5bYgytRnDVVe+njoKnfsYkH3HzqVj5UZA==",
      "dependencies": [
        "fsevents",
        "playwright-core"
      ]
    }
  }
}
